
Microsoft Visual Studio Solution File, Format Version 12.00
# Visual Studio Version 17
VisualStudioVersion = 17.6.33723.286
MinimumVisualStudioVersion = 10.0.40219.1
Project("{D954291E-2A0B-460D-934E-DC6B0785DB48}") = "NetBlox", "NetBlox\NetBlox.shproj", "{10D6F7D6-5588-4B13-B317-37AB34182920}"
EndProject
Project("{2150E333-8FDC-42A3-9474-1A3956D46DE8}") = "Some Solution Items", "Some Solution Items", "{CBE329B1-EE72-4952-B990-AB64225CA299}"
	ProjectSection(SolutionItems) = preProject
		.gitattributes = .gitattributes
		.gitignore = .gitignore
		LICENSE.txt = LICENSE.txt
		README.md = README.md
	EndProjectSection
EndProject
Project("{9A19103F-16F7-4668-BE54-9A1E7A4F7556}") = "UniversalClient", "UniversalClient\UniversalClient.csproj", "{0B7472C1-325A-411E-AF72-8EFBFCA64940}"
EndProject
Project("{9A19103F-16F7-4668-BE54-9A1E7A4F7556}") = "UniversalServer", "UniversalServer\UniversalServer.csproj", "{BC56B34A-8200-4966-B065-94A593B0072F}"
EndProject
Project("{9A19103F-16F7-4668-BE54-9A1E7A4F7556}") = "WindowsNBServerManager", "WindowsNBServerManager\WindowsNBServerManager.csproj", "{9E72F3F5-07FC-4AC3-9D56-733622A42D70}"
	ProjectSection(ProjectDependencies) = postProject
		{BC56B34A-8200-4966-B065-94A593B0072F} = {BC56B34A-8200-4966-B065-94A593B0072F}
	EndProjectSection
EndProject
Project("{9A19103F-16F7-4668-BE54-9A1E7A4F7556}") = "WindowsStudio", "WindowsStudio\WindowsStudio.csproj", "{8C560BD0-EE17-47C8-B3EE-3D1CAF55F4C9}"
EndProject
Global
	GlobalSection(SolutionConfigurationPlatforms) = preSolution
		Debug|Any CPU = Debug|Any CPU
		Release|Any CPU = Release|Any CPU
	EndGlobalSection
	GlobalSection(ProjectConfigurationPlatforms) = postSolution
		{0B7472C1-325A-411E-AF72-8EFBFCA64940}.Debug|Any CPU.ActiveCfg = Debug|Any CPU
		{0B7472C1-325A-411E-AF72-8EFBFCA64940}.Debug|Any CPU.Build.0 = Debug|Any CPU
		{0B7472C1-325A-411E-AF72-8EFBFCA64940}.Release|Any CPU.ActiveCfg = Release|Any CPU
		{0B7472C1-325A-411E-AF72-8EFBFCA64940}.Release|Any CPU.Build.0 = Release|Any CPU
		{BC56B34A-8200-4966-B065-94A593B0072F}.Debug|Any CPU.ActiveCfg = Debug|Any CPU
		{BC56B34A-8200-4966-B065-94A593B0072F}.Debug|Any CPU.Build.0 = Debug|Any CPU
		{BC56B34A-8200-4966-B065-94A593B0072F}.Release|Any CPU.ActiveCfg = Release|Any CPU
		{BC56B34A-8200-4966-B065-94A593B0072F}.Release|Any CPU.Build.0 = Release|Any CPU
		{9E72F3F5-07FC-4AC3-9D56-733622A42D70}.Debug|Any CPU.ActiveCfg = Debug|Any CPU
		{9E72F3F5-07FC-4AC3-9D56-733622A42D70}.Debug|Any CPU.Build.0 = Debug|Any CPU
		{9E72F3F5-07FC-4AC3-9D56-733622A42D70}.Release|Any CPU.ActiveCfg = Release|Any CPU
		{9E72F3F5-07FC-4AC3-9D56-733622A42D70}.Release|Any CPU.Build.0 = Release|Any CPU
		{8C560BD0-EE17-47C8-B3EE-3D1CAF55F4C9}.Debug|Any CPU.ActiveCfg = Debug|Any CPU
		{8C560BD0-EE17-47C8-B3EE-3D1CAF55F4C9}.Debug|Any CPU.Build.0 = Debug|Any CPU
		{8C560BD0-EE17-47C8-B3EE-3D1CAF55F4C9}.Release|Any CPU.ActiveCfg = Release|Any CPU
		{8C560BD0-EE17-47C8-B3EE-3D1CAF55F4C9}.Release|Any CPU.Build.0 = Release|Any CPU
	EndGlobalSection
	GlobalSection(SolutionProperties) = preSolution
		HideSolutionNode = FALSE
	EndGlobalSection
	GlobalSection(ExtensibilityGlobals) = postSolution
		SolutionGuid = {241DE33A-F8D5-4F77-BA8E-FC6319E0F607}
	EndGlobalSection
	GlobalSection(SharedMSBuildProjectFiles) = preSolution
		NetBlox\NetBlox.projitems*{0b7472c1-325a-411e-af72-8efbfca64940}*SharedItemsImports = 5
		NetBlox\NetBlox.projitems*{10d6f7d6-5588-4b13-b317-37ab34182920}*SharedItemsImports = 13
		NetBlox\NetBlox.projitems*{8c560bd0-ee17-47c8-b3ee-3d1caf55f4c9}*SharedItemsImports = 5
		NetBlox\NetBlox.projitems*{bc56b34a-8200-4966-b065-94a593b0072f}*SharedItemsImports = 5
	EndGlobalSection
EndGlobal
