
Microsoft Visual Studio Solution File, Format Version 12.00
# Visual Studio Version 17
VisualStudioVersion = 17.6.33723.286
MinimumVisualStudioVersion = 10.0.40219.1
Project("{D954291E-2A0B-460D-934E-DC6B0785DB48}") = "NetBlox", "NetBlox\NetBlox.shproj", "{10D6F7D6-5588-4B13-B317-37AB34182920}"
EndProject
Project("{2150E333-8FDC-42A3-9474-1A3956D46DE8}") = "Some Solution Items", "Some Solution Items", "{CBE329B1-EE72-4952-B990-AB64225CA299}"
	ProjectSection(SolutionItems) = preProject
		.gitattributes = .gitattributes
		.gitignore = .gitignore
		LICENSE.txt = LICENSE.txt
		README.md = README.md
	EndProjectSection
EndProject
Project("{9A19103F-16F7-4668-BE54-9A1E7A4F7556}") = "UniversalClient", "UniversalClient\UniversalClient.csproj", "{0B7472C1-325A-411E-AF72-8EFBFCA64940}"
EndProject
Project("{9A19103F-16F7-4668-BE54-9A1E7A4F7556}") = "UniversalServer", "UniversalServer\UniversalServer.csproj", "{BC56B34A-8200-4966-B065-94A593B0072F}"
EndProject
Project("{9A19103F-16F7-4668-BE54-9A1E7A4F7556}") = "WindowsStudio", "WindowsStudio\WindowsStudio.csproj", "{8C560BD0-EE17-47C8-B3EE-3D1CAF55F4C9}"
EndProject
Project("{D954291E-2A0B-460D-934E-DC6B0785DB48}") = "NetBlox.Common", "NetBlox.Common\NetBlox.Common.shproj", "{FA4E3BA7-1080-4AB5-925C-9BE6C4A9CD1F}"
EndProject
Project("{D954291E-2A0B-460D-934E-DC6B0785DB48}") = "Qu3eSharp", "Qu3eSharp\Qu3eSharp.shproj", "{41572111-4627-464D-87BD-BE48FC33FF51}"
EndProject
Project("{9A19103F-16F7-4668-BE54-9A1E7A4F7556}") = "UniversalPublicService", "UniversalPublicService\UniversalPublicService.csproj", "{DDD41AE9-8F20-4187-ADC9-C1302549291C}"
EndProject
Project("{2150E333-8FDC-42A3-9474-1A3956D46DE8}") = "Documentation", "Documentation", "{62300AC6-A657-43D0-8AAF-7BEE4B5A5B05}"
	ProjectSection(SolutionItems) = preProject
		docs\constitution.md = docs\constitution.md
	EndProjectSection
EndProject
Project("{9A19103F-16F7-4668-BE54-9A1E7A4F7556}") = "UniversalInstaller", "UniversalInstaller\UniversalInstaller.csproj", "{A270E5E9-BB42-47F2-8929-54C9B975F980}"
EndProject
Project("{9A19103F-16F7-4668-BE54-9A1E7A4F7556}") = "MoonSharp.Interpreter", "MoonSharp.Interpreter\MoonSharp.Interpreter.csproj", "{91EA9B9D-FE03-4273-BDAF-8AD42EDE1E59}"
EndProject
Project("{FAE04EC0-301F-11D3-BF4B-00C04F79EFBC}") = "UniversalDuoHost", "UniversalDuoHost\UniversalDuoHost.csproj", "{237FED22-581B-4767-9D33-667E88AF609D}"
EndProject
Global
	GlobalSection(SolutionConfigurationPlatforms) = preSolution
		Debug|Any CPU = Debug|Any CPU
		Debug|x86 = Debug|x86
		Dev|Any CPU = Dev|Any CPU
		Dev|x86 = Dev|x86
		Devp4|Any CPU = Devp4|Any CPU
		Devp4|x86 = Devp4|x86
		Release|Any CPU = Release|Any CPU
		Release|x86 = Release|x86
	EndGlobalSection
	GlobalSection(ProjectConfigurationPlatforms) = postSolution
		{0B7472C1-325A-411E-AF72-8EFBFCA64940}.Debug|Any CPU.ActiveCfg = Debug|Any CPU
		{0B7472C1-325A-411E-AF72-8EFBFCA64940}.Debug|Any CPU.Build.0 = Debug|Any CPU
		{0B7472C1-325A-411E-AF72-8EFBFCA64940}.Debug|x86.ActiveCfg = Debug|Any CPU
		{0B7472C1-325A-411E-AF72-8EFBFCA64940}.Debug|x86.Build.0 = Debug|Any CPU
		{0B7472C1-325A-411E-AF72-8EFBFCA64940}.Dev|Any CPU.ActiveCfg = Debug|Any CPU
		{0B7472C1-325A-411E-AF72-8EFBFCA64940}.Dev|Any CPU.Build.0 = Debug|Any CPU
		{0B7472C1-325A-411E-AF72-8EFBFCA64940}.Dev|x86.ActiveCfg = Debug|Any CPU
		{0B7472C1-325A-411E-AF72-8EFBFCA64940}.Dev|x86.Build.0 = Debug|Any CPU
		{0B7472C1-325A-411E-AF72-8EFBFCA64940}.Devp4|Any CPU.ActiveCfg = Debug|Any CPU
		{0B7472C1-325A-411E-AF72-8EFBFCA64940}.Devp4|Any CPU.Build.0 = Debug|Any CPU
		{0B7472C1-325A-411E-AF72-8EFBFCA64940}.Devp4|x86.ActiveCfg = Debug|Any CPU
		{0B7472C1-325A-411E-AF72-8EFBFCA64940}.Devp4|x86.Build.0 = Debug|Any CPU
		{0B7472C1-325A-411E-AF72-8EFBFCA64940}.Release|Any CPU.ActiveCfg = Release|Any CPU
		{0B7472C1-325A-411E-AF72-8EFBFCA64940}.Release|Any CPU.Build.0 = Release|Any CPU
		{0B7472C1-325A-411E-AF72-8EFBFCA64940}.Release|x86.ActiveCfg = Release|Any CPU
		{0B7472C1-325A-411E-AF72-8EFBFCA64940}.Release|x86.Build.0 = Release|Any CPU
		{BC56B34A-8200-4966-B065-94A593B0072F}.Debug|Any CPU.ActiveCfg = Debug|Any CPU
		{BC56B34A-8200-4966-B065-94A593B0072F}.Debug|Any CPU.Build.0 = Debug|Any CPU
		{BC56B34A-8200-4966-B065-94A593B0072F}.Debug|x86.ActiveCfg = Debug|Any CPU
		{BC56B34A-8200-4966-B065-94A593B0072F}.Debug|x86.Build.0 = Debug|Any CPU
		{BC56B34A-8200-4966-B065-94A593B0072F}.Dev|Any CPU.ActiveCfg = Debug|Any CPU
		{BC56B34A-8200-4966-B065-94A593B0072F}.Dev|Any CPU.Build.0 = Debug|Any CPU
		{BC56B34A-8200-4966-B065-94A593B0072F}.Dev|x86.ActiveCfg = Debug|Any CPU
		{BC56B34A-8200-4966-B065-94A593B0072F}.Dev|x86.Build.0 = Debug|Any CPU
		{BC56B34A-8200-4966-B065-94A593B0072F}.Devp4|Any CPU.ActiveCfg = Debug|Any CPU
		{BC56B34A-8200-4966-B065-94A593B0072F}.Devp4|Any CPU.Build.0 = Debug|Any CPU
		{BC56B34A-8200-4966-B065-94A593B0072F}.Devp4|x86.ActiveCfg = Debug|Any CPU
		{BC56B34A-8200-4966-B065-94A593B0072F}.Devp4|x86.Build.0 = Debug|Any CPU
		{BC56B34A-8200-4966-B065-94A593B0072F}.Release|Any CPU.ActiveCfg = Release|Any CPU
		{BC56B34A-8200-4966-B065-94A593B0072F}.Release|Any CPU.Build.0 = Release|Any CPU
		{BC56B34A-8200-4966-B065-94A593B0072F}.Release|x86.ActiveCfg = Release|Any CPU
		{BC56B34A-8200-4966-B065-94A593B0072F}.Release|x86.Build.0 = Release|Any CPU
		{8C560BD0-EE17-47C8-B3EE-3D1CAF55F4C9}.Debug|Any CPU.ActiveCfg = Debug|Any CPU
		{8C560BD0-EE17-47C8-B3EE-3D1CAF55F4C9}.Debug|Any CPU.Build.0 = Debug|Any CPU
		{8C560BD0-EE17-47C8-B3EE-3D1CAF55F4C9}.Debug|x86.ActiveCfg = Debug|Any CPU
		{8C560BD0-EE17-47C8-B3EE-3D1CAF55F4C9}.Debug|x86.Build.0 = Debug|Any CPU
		{8C560BD0-EE17-47C8-B3EE-3D1CAF55F4C9}.Dev|Any CPU.ActiveCfg = Debug|Any CPU
		{8C560BD0-EE17-47C8-B3EE-3D1CAF55F4C9}.Dev|Any CPU.Build.0 = Debug|Any CPU
		{8C560BD0-EE17-47C8-B3EE-3D1CAF55F4C9}.Dev|x86.ActiveCfg = Debug|Any CPU
		{8C560BD0-EE17-47C8-B3EE-3D1CAF55F4C9}.Dev|x86.Build.0 = Debug|Any CPU
		{8C560BD0-EE17-47C8-B3EE-3D1CAF55F4C9}.Devp4|Any CPU.ActiveCfg = Debug|Any CPU
		{8C560BD0-EE17-47C8-B3EE-3D1CAF55F4C9}.Devp4|Any CPU.Build.0 = Debug|Any CPU
		{8C560BD0-EE17-47C8-B3EE-3D1CAF55F4C9}.Devp4|x86.ActiveCfg = Debug|Any CPU
		{8C560BD0-EE17-47C8-B3EE-3D1CAF55F4C9}.Devp4|x86.Build.0 = Debug|Any CPU
		{8C560BD0-EE17-47C8-B3EE-3D1CAF55F4C9}.Release|Any CPU.ActiveCfg = Release|Any CPU
		{8C560BD0-EE17-47C8-B3EE-3D1CAF55F4C9}.Release|Any CPU.Build.0 = Release|Any CPU
		{8C560BD0-EE17-47C8-B3EE-3D1CAF55F4C9}.Release|x86.ActiveCfg = Release|Any CPU
		{8C560BD0-EE17-47C8-B3EE-3D1CAF55F4C9}.Release|x86.Build.0 = Release|Any CPU
		{DDD41AE9-8F20-4187-ADC9-C1302549291C}.Debug|Any CPU.ActiveCfg = Debug|Any CPU
		{DDD41AE9-8F20-4187-ADC9-C1302549291C}.Debug|Any CPU.Build.0 = Debug|Any CPU
		{DDD41AE9-8F20-4187-ADC9-C1302549291C}.Debug|x86.ActiveCfg = Debug|Any CPU
		{DDD41AE9-8F20-4187-ADC9-C1302549291C}.Debug|x86.Build.0 = Debug|Any CPU
		{DDD41AE9-8F20-4187-ADC9-C1302549291C}.Dev|Any CPU.ActiveCfg = Debug|Any CPU
		{DDD41AE9-8F20-4187-ADC9-C1302549291C}.Dev|Any CPU.Build.0 = Debug|Any CPU
		{DDD41AE9-8F20-4187-ADC9-C1302549291C}.Dev|x86.ActiveCfg = Debug|Any CPU
		{DDD41AE9-8F20-4187-ADC9-C1302549291C}.Dev|x86.Build.0 = Debug|Any CPU
		{DDD41AE9-8F20-4187-ADC9-C1302549291C}.Devp4|Any CPU.ActiveCfg = Debug|Any CPU
		{DDD41AE9-8F20-4187-ADC9-C1302549291C}.Devp4|Any CPU.Build.0 = Debug|Any CPU
		{DDD41AE9-8F20-4187-ADC9-C1302549291C}.Devp4|x86.ActiveCfg = Debug|Any CPU
		{DDD41AE9-8F20-4187-ADC9-C1302549291C}.Devp4|x86.Build.0 = Debug|Any CPU
		{DDD41AE9-8F20-4187-ADC9-C1302549291C}.Release|Any CPU.ActiveCfg = Release|Any CPU
		{DDD41AE9-8F20-4187-ADC9-C1302549291C}.Release|Any CPU.Build.0 = Release|Any CPU
		{DDD41AE9-8F20-4187-ADC9-C1302549291C}.Release|x86.ActiveCfg = Release|Any CPU
		{DDD41AE9-8F20-4187-ADC9-C1302549291C}.Release|x86.Build.0 = Release|Any CPU
		{A270E5E9-BB42-47F2-8929-54C9B975F980}.Debug|Any CPU.ActiveCfg = Debug|Any CPU
		{A270E5E9-BB42-47F2-8929-54C9B975F980}.Debug|Any CPU.Build.0 = Debug|Any CPU
		{A270E5E9-BB42-47F2-8929-54C9B975F980}.Debug|x86.ActiveCfg = Debug|Any CPU
		{A270E5E9-BB42-47F2-8929-54C9B975F980}.Debug|x86.Build.0 = Debug|Any CPU
		{A270E5E9-BB42-47F2-8929-54C9B975F980}.Dev|Any CPU.ActiveCfg = Debug|Any CPU
		{A270E5E9-BB42-47F2-8929-54C9B975F980}.Dev|Any CPU.Build.0 = Debug|Any CPU
		{A270E5E9-BB42-47F2-8929-54C9B975F980}.Dev|x86.ActiveCfg = Debug|Any CPU
		{A270E5E9-BB42-47F2-8929-54C9B975F980}.Dev|x86.Build.0 = Debug|Any CPU
		{A270E5E9-BB42-47F2-8929-54C9B975F980}.Devp4|Any CPU.ActiveCfg = Debug|Any CPU
		{A270E5E9-BB42-47F2-8929-54C9B975F980}.Devp4|Any CPU.Build.0 = Debug|Any CPU
		{A270E5E9-BB42-47F2-8929-54C9B975F980}.Devp4|x86.ActiveCfg = Debug|Any CPU
		{A270E5E9-BB42-47F2-8929-54C9B975F980}.Devp4|x86.Build.0 = Debug|Any CPU
		{A270E5E9-BB42-47F2-8929-54C9B975F980}.Release|Any CPU.ActiveCfg = Release|Any CPU
		{A270E5E9-BB42-47F2-8929-54C9B975F980}.Release|Any CPU.Build.0 = Release|Any CPU
		{A270E5E9-BB42-47F2-8929-54C9B975F980}.Release|x86.ActiveCfg = Release|Any CPU
		{A270E5E9-BB42-47F2-8929-54C9B975F980}.Release|x86.Build.0 = Release|Any CPU
		{91EA9B9D-FE03-4273-BDAF-8AD42EDE1E59}.Debug|Any CPU.ActiveCfg = Debug|Any CPU
		{91EA9B9D-FE03-4273-BDAF-8AD42EDE1E59}.Debug|Any CPU.Build.0 = Debug|Any CPU
		{91EA9B9D-FE03-4273-BDAF-8AD42EDE1E59}.Debug|x86.ActiveCfg = Debug|x86
		{91EA9B9D-FE03-4273-BDAF-8AD42EDE1E59}.Debug|x86.Build.0 = Debug|x86
		{91EA9B9D-FE03-4273-BDAF-8AD42EDE1E59}.Dev|Any CPU.ActiveCfg = Dev|Any CPU
		{91EA9B9D-FE03-4273-BDAF-8AD42EDE1E59}.Dev|Any CPU.Build.0 = Dev|Any CPU
		{91EA9B9D-FE03-4273-BDAF-8AD42EDE1E59}.Dev|x86.ActiveCfg = Dev|x86
		{91EA9B9D-FE03-4273-BDAF-8AD42EDE1E59}.Dev|x86.Build.0 = Dev|x86
		{91EA9B9D-FE03-4273-BDAF-8AD42EDE1E59}.Devp4|Any CPU.ActiveCfg = Devp4|Any CPU
		{91EA9B9D-FE03-4273-BDAF-8AD42EDE1E59}.Devp4|Any CPU.Build.0 = Devp4|Any CPU
		{91EA9B9D-FE03-4273-BDAF-8AD42EDE1E59}.Devp4|x86.ActiveCfg = Devp4|x86
		{91EA9B9D-FE03-4273-BDAF-8AD42EDE1E59}.Devp4|x86.Build.0 = Devp4|x86
		{91EA9B9D-FE03-4273-BDAF-8AD42EDE1E59}.Release|Any CPU.ActiveCfg = Release|Any CPU
		{91EA9B9D-FE03-4273-BDAF-8AD42EDE1E59}.Release|Any CPU.Build.0 = Release|Any CPU
		{91EA9B9D-FE03-4273-BDAF-8AD42EDE1E59}.Release|x86.ActiveCfg = Release|x86
		{91EA9B9D-FE03-4273-BDAF-8AD42EDE1E59}.Release|x86.Build.0 = Release|x86
		{237FED22-581B-4767-9D33-667E88AF609D}.Debug|Any CPU.ActiveCfg = Debug|Any CPU
		{237FED22-581B-4767-9D33-667E88AF609D}.Debug|Any CPU.Build.0 = Debug|Any CPU
		{237FED22-581B-4767-9D33-667E88AF609D}.Debug|x86.ActiveCfg = Debug|Any CPU
		{237FED22-581B-4767-9D33-667E88AF609D}.Debug|x86.Build.0 = Debug|Any CPU
		{237FED22-581B-4767-9D33-667E88AF609D}.Dev|Any CPU.ActiveCfg = Debug|Any CPU
		{237FED22-581B-4767-9D33-667E88AF609D}.Dev|Any CPU.Build.0 = Debug|Any CPU
		{237FED22-581B-4767-9D33-667E88AF609D}.Dev|x86.ActiveCfg = Debug|Any CPU
		{237FED22-581B-4767-9D33-667E88AF609D}.Dev|x86.Build.0 = Debug|Any CPU
		{237FED22-581B-4767-9D33-667E88AF609D}.Devp4|Any CPU.ActiveCfg = Debug|Any CPU
		{237FED22-581B-4767-9D33-667E88AF609D}.Devp4|Any CPU.Build.0 = Debug|Any CPU
		{237FED22-581B-4767-9D33-667E88AF609D}.Devp4|x86.ActiveCfg = Debug|Any CPU
		{237FED22-581B-4767-9D33-667E88AF609D}.Devp4|x86.Build.0 = Debug|Any CPU
		{237FED22-581B-4767-9D33-667E88AF609D}.Release|Any CPU.ActiveCfg = Release|Any CPU
		{237FED22-581B-4767-9D33-667E88AF609D}.Release|Any CPU.Build.0 = Release|Any CPU
		{237FED22-581B-4767-9D33-667E88AF609D}.Release|x86.ActiveCfg = Release|Any CPU
		{237FED22-581B-4767-9D33-667E88AF609D}.Release|x86.Build.0 = Release|Any CPU
	EndGlobalSection
	GlobalSection(SolutionProperties) = preSolution
		HideSolutionNode = FALSE
	EndGlobalSection
	GlobalSection(NestedProjects) = preSolution
		{62300AC6-A657-43D0-8AAF-7BEE4B5A5B05} = {CBE329B1-EE72-4952-B990-AB64225CA299}
	EndGlobalSection
	GlobalSection(ExtensibilityGlobals) = postSolution
		SolutionGuid = {241DE33A-F8D5-4F77-BA8E-FC6319E0F607}
	EndGlobalSection
	GlobalSection(SharedMSBuildProjectFiles) = preSolution
		NetBlox.Common\NetBlox.Common.projitems*{0b7472c1-325a-411e-af72-8efbfca64940}*SharedItemsImports = 5
		NetBlox\NetBlox.projitems*{0b7472c1-325a-411e-af72-8efbfca64940}*SharedItemsImports = 5
		Qu3eSharp\Qu3eSharp.projitems*{0b7472c1-325a-411e-af72-8efbfca64940}*SharedItemsImports = 5
		NetBlox\NetBlox.projitems*{10d6f7d6-5588-4b13-b317-37ab34182920}*SharedItemsImports = 13
		NetBlox.Common\NetBlox.Common.projitems*{237fed22-581b-4767-9d33-667e88af609d}*SharedItemsImports = 5
		NetBlox\NetBlox.projitems*{237fed22-581b-4767-9d33-667e88af609d}*SharedItemsImports = 5
		Qu3eSharp\Qu3eSharp.projitems*{237fed22-581b-4767-9d33-667e88af609d}*SharedItemsImports = 5
		Qu3eSharp\Qu3eSharp.projitems*{41572111-4627-464d-87bd-be48fc33ff51}*SharedItemsImports = 13
		NetBlox.Common\NetBlox.Common.projitems*{8c560bd0-ee17-47c8-b3ee-3d1caf55f4c9}*SharedItemsImports = 5
		NetBlox\NetBlox.projitems*{8c560bd0-ee17-47c8-b3ee-3d1caf55f4c9}*SharedItemsImports = 5
		Qu3eSharp\Qu3eSharp.projitems*{8c560bd0-ee17-47c8-b3ee-3d1caf55f4c9}*SharedItemsImports = 5
		NetBlox.Common\NetBlox.Common.projitems*{bc56b34a-8200-4966-b065-94a593b0072f}*SharedItemsImports = 5
		NetBlox\NetBlox.projitems*{bc56b34a-8200-4966-b065-94a593b0072f}*SharedItemsImports = 5
		Qu3eSharp\Qu3eSharp.projitems*{bc56b34a-8200-4966-b065-94a593b0072f}*SharedItemsImports = 5
		NetBlox.Common\NetBlox.Common.projitems*{ddd41ae9-8f20-4187-adc9-c1302549291c}*SharedItemsImports = 5
		NetBlox.Common\NetBlox.Common.projitems*{fa4e3ba7-1080-4ab5-925c-9be6c4a9cd1f}*SharedItemsImports = 13
	EndGlobalSection
EndGlobal
